
Microsoft Visual Studio Solution File, Format Version 12.00
# Visual Studio Version 17
VisualStudioVersion = 17.4.33110.190
MinimumVisualStudioVersion = 10.0.40219.1
Project("{FAE04EC0-301F-11D3-BF4B-00C04F79EFBC}") = "CRUDController", "CRUDController\CRUDController.csproj", "{B704FA56-AD49-4501-B053-141EB01E299B}"
EndProject
Project("{2150E333-8FDC-42A3-9474-1A3956D46DE8}") = "Solution Items", "Solution Items", "{6456270D-E449-4DB1-A8BE-2F1D2541132B}"
	ProjectSection(SolutionItems) = preProject
		.editorconfig = .editorconfig
	EndProjectSection
EndProject
Global
	GlobalSection(SolutionConfigurationPlatforms) = preSolution
		Debug|Any CPU = Debug|Any CPU
		Release|Any CPU = Release|Any CPU
	EndGlobalSection
	GlobalSection(ProjectConfigurationPlatforms) = postSolution
		{B704FA56-AD49-4501-B053-141EB01E299B}.Debug|Any CPU.ActiveCfg = Debug|Any CPU
		{B704FA56-AD49-4501-B053-141EB01E299B}.Debug|Any CPU.Build.0 = Debug|Any CPU
		{B704FA56-AD49-4501-B053-141EB01E299B}.Release|Any CPU.ActiveCfg = Release|Any CPU
		{B704FA56-AD49-4501-B053-141EB01E299B}.Release|Any CPU.Build.0 = Release|Any CPU
	EndGlobalSection
	GlobalSection(SolutionProperties) = preSolution
		HideSolutionNode = FALSE
	EndGlobalSection
	GlobalSection(ExtensibilityGlobals) = postSolution
		SolutionGuid = {0B1173EC-22A1-47BC-926A-50B56BA60555}
	EndGlobalSection
EndGlobal
